
Microsoft Visual Studio Solution File, Format Version 12.00
# Visual Studio 15
VisualStudioVersion = 15.0.28307.329
MinimumVisualStudioVersion = 10.0.40219.1
Project("{FAE04EC0-301F-11D3-BF4B-00C04F79EFBC}") = "FileManagerTask", "FileManagerTask\FileManagerTask.csproj", "{C5AD2756-F03E-4785-A5CB-E000F8F8A21F}"
EndProject
Global
	GlobalSection(SolutionConfigurationPlatforms) = preSolution
		Debug|Any CPU = Debug|Any CPU
		Release|Any CPU = Release|Any CPU
	EndGlobalSection
	GlobalSection(ProjectConfigurationPlatforms) = postSolution
		{C5AD2756-F03E-4785-A5CB-E000F8F8A21F}.Debug|Any CPU.ActiveCfg = Debug|Any CPU
		{C5AD2756-F03E-4785-A5CB-E000F8F8A21F}.Debug|Any CPU.Build.0 = Debug|Any CPU
		{C5AD2756-F03E-4785-A5CB-E000F8F8A21F}.Release|Any CPU.ActiveCfg = Release|Any CPU
		{C5AD2756-F03E-4785-A5CB-E000F8F8A21F}.Release|Any CPU.Build.0 = Release|Any CPU
	EndGlobalSection
	GlobalSection(SolutionProperties) = preSolution
		HideSolutionNode = FALSE
	EndGlobalSection
	GlobalSection(ExtensibilityGlobals) = postSolution
		SolutionGuid = {0292A81C-1703-4954-9D24-8D4B74FC08FC}
	EndGlobalSection
EndGlobal
