
Microsoft Visual Studio Solution File, Format Version 12.00
# Visual Studio 15
VisualStudioVersion = 15.0.28307.168
MinimumVisualStudioVersion = 10.0.40219.1
Project("{9A19103F-16F7-4668-BE54-9A1E7A4F7556}") = "Kissaohjelma", "Kissaohjelma\Kissaohjelma.csproj", "{03D59F03-5F53-4BCB-851B-F26B747B378B}"
EndProject
Project("{9A19103F-16F7-4668-BE54-9A1E7A4F7556}") = "Kirjaohjelma", "Kirjaohjelma\Kirjaohjelma.csproj", "{AA4AAF9F-506A-4D40-810F-89C182A0E048}"
EndProject
Project("{9A19103F-16F7-4668-BE54-9A1E7A4F7556}") = "CarTask", "CarTask\CarTask.csproj", "{7E26589E-A9C9-4FC2-A013-496FD9875839}"
EndProject
Project("{9A19103F-16F7-4668-BE54-9A1E7A4F7556}") = "CompanyProgram", "CompanyProgram\CompanyProgram.csproj", "{FA7F7E45-919B-4BC5-B020-1AD8447C6CA2}"
EndProject
Project("{9A19103F-16F7-4668-BE54-9A1E7A4F7556}") = "EmployeeTask", "EmployeeTask\EmployeeTask.csproj", "{F454789F-FA91-474E-B30F-17B87DAB059A}"
EndProject
Project("{FAE04EC0-301F-11D3-BF4B-00C04F79EFBC}") = "TicketPriceProgram", "TicketPriceProgram\TicketPriceProgram.csproj", "{BA10B4E2-EF36-44E8-A45E-4ECC5502E53D}"
EndProject
Global
	GlobalSection(SolutionConfigurationPlatforms) = preSolution
		Debug|Any CPU = Debug|Any CPU
		Release|Any CPU = Release|Any CPU
	EndGlobalSection
	GlobalSection(ProjectConfigurationPlatforms) = postSolution
		{03D59F03-5F53-4BCB-851B-F26B747B378B}.Debug|Any CPU.ActiveCfg = Debug|Any CPU
		{03D59F03-5F53-4BCB-851B-F26B747B378B}.Debug|Any CPU.Build.0 = Debug|Any CPU
		{03D59F03-5F53-4BCB-851B-F26B747B378B}.Release|Any CPU.ActiveCfg = Release|Any CPU
		{03D59F03-5F53-4BCB-851B-F26B747B378B}.Release|Any CPU.Build.0 = Release|Any CPU
		{AA4AAF9F-506A-4D40-810F-89C182A0E048}.Debug|Any CPU.ActiveCfg = Debug|Any CPU
		{AA4AAF9F-506A-4D40-810F-89C182A0E048}.Debug|Any CPU.Build.0 = Debug|Any CPU
		{AA4AAF9F-506A-4D40-810F-89C182A0E048}.Release|Any CPU.ActiveCfg = Release|Any CPU
		{AA4AAF9F-506A-4D40-810F-89C182A0E048}.Release|Any CPU.Build.0 = Release|Any CPU
		{7E26589E-A9C9-4FC2-A013-496FD9875839}.Debug|Any CPU.ActiveCfg = Debug|Any CPU
		{7E26589E-A9C9-4FC2-A013-496FD9875839}.Debug|Any CPU.Build.0 = Debug|Any CPU
		{7E26589E-A9C9-4FC2-A013-496FD9875839}.Release|Any CPU.ActiveCfg = Release|Any CPU
		{7E26589E-A9C9-4FC2-A013-496FD9875839}.Release|Any CPU.Build.0 = Release|Any CPU
		{FA7F7E45-919B-4BC5-B020-1AD8447C6CA2}.Debug|Any CPU.ActiveCfg = Debug|Any CPU
		{FA7F7E45-919B-4BC5-B020-1AD8447C6CA2}.Debug|Any CPU.Build.0 = Debug|Any CPU
		{FA7F7E45-919B-4BC5-B020-1AD8447C6CA2}.Release|Any CPU.ActiveCfg = Release|Any CPU
		{FA7F7E45-919B-4BC5-B020-1AD8447C6CA2}.Release|Any CPU.Build.0 = Release|Any CPU
		{F454789F-FA91-474E-B30F-17B87DAB059A}.Debug|Any CPU.ActiveCfg = Debug|Any CPU
		{F454789F-FA91-474E-B30F-17B87DAB059A}.Debug|Any CPU.Build.0 = Debug|Any CPU
		{F454789F-FA91-474E-B30F-17B87DAB059A}.Release|Any CPU.ActiveCfg = Release|Any CPU
		{F454789F-FA91-474E-B30F-17B87DAB059A}.Release|Any CPU.Build.0 = Release|Any CPU
		{BA10B4E2-EF36-44E8-A45E-4ECC5502E53D}.Debug|Any CPU.ActiveCfg = Debug|Any CPU
		{BA10B4E2-EF36-44E8-A45E-4ECC5502E53D}.Debug|Any CPU.Build.0 = Debug|Any CPU
		{BA10B4E2-EF36-44E8-A45E-4ECC5502E53D}.Release|Any CPU.ActiveCfg = Release|Any CPU
		{BA10B4E2-EF36-44E8-A45E-4ECC5502E53D}.Release|Any CPU.Build.0 = Release|Any CPU
	EndGlobalSection
	GlobalSection(SolutionProperties) = preSolution
		HideSolutionNode = FALSE
	EndGlobalSection
	GlobalSection(ExtensibilityGlobals) = postSolution
		SolutionGuid = {C9C34496-46E2-4968-B402-BAB899497A1F}
	EndGlobalSection
EndGlobal
